
Microsoft Visual Studio Solution File, Format Version 12.00
# Visual Studio 14
VisualStudioVersion = 14.0.25420.1
MinimumVisualStudioVersion = 10.0.40219.1
Project("{8BC9CEB8-8B4A-11D0-8D11-00A0C91BC942}") = "RandomEnemyGenerator", "RandomEnemyGenerator\RandomEnemyGenerator.vcxproj", "{1BEE9CA1-7759-4E56-B8C1-2C24D450EC52}"
EndProject
Project("{8BC9CEB8-8B4A-11D0-8D11-00A0C91BC942}") = "TheWalkingDead", "TheWalkingDead\TheWalkingDead.vcxproj", "{28EB227F-99C6-4049-A799-C0762DD88D50}"
EndProject
Project("{8BC9CEB8-8B4A-11D0-8D11-00A0C91BC942}") = "DynArray", "DynArray\DynArray.vcxproj", "{A47D099B-E636-488A-9974-4A48D004302B}"
EndProject
Project("{8BC9CEB8-8B4A-11D0-8D11-00A0C91BC942}") = "Ejerciciosyapuntes", "Ejerciciosyapuntes\Ejerciciosyapuntes.vcxproj", "{E45B8377-763A-493C-AC72-D18476E5F7A0}"
EndProject
Project("{8BC9CEB8-8B4A-11D0-8D11-00A0C91BC942}") = "PlayerRanking", "PlayerRanking\PlayerRanking.vcxproj", "{71780775-686F-4349-BE1F-CD94F2A760BA}"
EndProject
Project("{8BC9CEB8-8B4A-11D0-8D11-00A0C91BC942}") = "Deque", "Deque\Deque.vcxproj", "{AEB56817-0004-435C-8FD6-9A4D44CD0220}"
EndProject
Project("{8BC9CEB8-8B4A-11D0-8D11-00A0C91BC942}") = "Ejercicio09", "Ejercicio09\Ejercicio09.vcxproj", "{FE9CA3A1-6B25-4E64-8AF9-48925A71E8EE}"
EndProject
Global
	GlobalSection(SolutionConfigurationPlatforms) = preSolution
		Debug|x64 = Debug|x64
		Debug|x86 = Debug|x86
		Release|x64 = Release|x64
		Release|x86 = Release|x86
	EndGlobalSection
	GlobalSection(ProjectConfigurationPlatforms) = postSolution
		{1BEE9CA1-7759-4E56-B8C1-2C24D450EC52}.Debug|x64.ActiveCfg = Debug|x64
		{1BEE9CA1-7759-4E56-B8C1-2C24D450EC52}.Debug|x64.Build.0 = Debug|x64
		{1BEE9CA1-7759-4E56-B8C1-2C24D450EC52}.Debug|x86.ActiveCfg = Debug|Win32
		{1BEE9CA1-7759-4E56-B8C1-2C24D450EC52}.Debug|x86.Build.0 = Debug|Win32
		{1BEE9CA1-7759-4E56-B8C1-2C24D450EC52}.Release|x64.ActiveCfg = Release|x64
		{1BEE9CA1-7759-4E56-B8C1-2C24D450EC52}.Release|x64.Build.0 = Release|x64
		{1BEE9CA1-7759-4E56-B8C1-2C24D450EC52}.Release|x86.ActiveCfg = Release|Win32
		{1BEE9CA1-7759-4E56-B8C1-2C24D450EC52}.Release|x86.Build.0 = Release|Win32
		{28EB227F-99C6-4049-A799-C0762DD88D50}.Debug|x64.ActiveCfg = Debug|x64
		{28EB227F-99C6-4049-A799-C0762DD88D50}.Debug|x64.Build.0 = Debug|x64
		{28EB227F-99C6-4049-A799-C0762DD88D50}.Debug|x86.ActiveCfg = Debug|Win32
		{28EB227F-99C6-4049-A799-C0762DD88D50}.Debug|x86.Build.0 = Debug|Win32
		{28EB227F-99C6-4049-A799-C0762DD88D50}.Release|x64.ActiveCfg = Release|x64
		{28EB227F-99C6-4049-A799-C0762DD88D50}.Release|x64.Build.0 = Release|x64
		{28EB227F-99C6-4049-A799-C0762DD88D50}.Release|x86.ActiveCfg = Release|Win32
		{28EB227F-99C6-4049-A799-C0762DD88D50}.Release|x86.Build.0 = Release|Win32
		{A47D099B-E636-488A-9974-4A48D004302B}.Debug|x64.ActiveCfg = Debug|x64
		{A47D099B-E636-488A-9974-4A48D004302B}.Debug|x64.Build.0 = Debug|x64
		{A47D099B-E636-488A-9974-4A48D004302B}.Debug|x86.ActiveCfg = Debug|Win32
		{A47D099B-E636-488A-9974-4A48D004302B}.Debug|x86.Build.0 = Debug|Win32
		{A47D099B-E636-488A-9974-4A48D004302B}.Release|x64.ActiveCfg = Release|x64
		{A47D099B-E636-488A-9974-4A48D004302B}.Release|x64.Build.0 = Release|x64
		{A47D099B-E636-488A-9974-4A48D004302B}.Release|x86.ActiveCfg = Release|Win32
		{A47D099B-E636-488A-9974-4A48D004302B}.Release|x86.Build.0 = Release|Win32
		{E45B8377-763A-493C-AC72-D18476E5F7A0}.Debug|x64.ActiveCfg = Debug|x64
		{E45B8377-763A-493C-AC72-D18476E5F7A0}.Debug|x64.Build.0 = Debug|x64
		{E45B8377-763A-493C-AC72-D18476E5F7A0}.Debug|x86.ActiveCfg = Debug|Win32
		{E45B8377-763A-493C-AC72-D18476E5F7A0}.Debug|x86.Build.0 = Debug|Win32
		{E45B8377-763A-493C-AC72-D18476E5F7A0}.Release|x64.ActiveCfg = Release|x64
		{E45B8377-763A-493C-AC72-D18476E5F7A0}.Release|x64.Build.0 = Release|x64
		{E45B8377-763A-493C-AC72-D18476E5F7A0}.Release|x86.ActiveCfg = Release|Win32
		{E45B8377-763A-493C-AC72-D18476E5F7A0}.Release|x86.Build.0 = Release|Win32
		{71780775-686F-4349-BE1F-CD94F2A760BA}.Debug|x64.ActiveCfg = Debug|x64
		{71780775-686F-4349-BE1F-CD94F2A760BA}.Debug|x64.Build.0 = Debug|x64
		{71780775-686F-4349-BE1F-CD94F2A760BA}.Debug|x86.ActiveCfg = Debug|Win32
		{71780775-686F-4349-BE1F-CD94F2A760BA}.Debug|x86.Build.0 = Debug|Win32
		{71780775-686F-4349-BE1F-CD94F2A760BA}.Release|x64.ActiveCfg = Release|x64
		{71780775-686F-4349-BE1F-CD94F2A760BA}.Release|x64.Build.0 = Release|x64
		{71780775-686F-4349-BE1F-CD94F2A760BA}.Release|x86.ActiveCfg = Release|Win32
		{71780775-686F-4349-BE1F-CD94F2A760BA}.Release|x86.Build.0 = Release|Win32
		{AEB56817-0004-435C-8FD6-9A4D44CD0220}.Debug|x64.ActiveCfg = Debug|x64
		{AEB56817-0004-435C-8FD6-9A4D44CD0220}.Debug|x64.Build.0 = Debug|x64
		{AEB56817-0004-435C-8FD6-9A4D44CD0220}.Debug|x86.ActiveCfg = Debug|Win32
		{AEB56817-0004-435C-8FD6-9A4D44CD0220}.Debug|x86.Build.0 = Debug|Win32
		{AEB56817-0004-435C-8FD6-9A4D44CD0220}.Release|x64.ActiveCfg = Release|x64
		{AEB56817-0004-435C-8FD6-9A4D44CD0220}.Release|x64.Build.0 = Release|x64
		{AEB56817-0004-435C-8FD6-9A4D44CD0220}.Release|x86.ActiveCfg = Release|Win32
		{AEB56817-0004-435C-8FD6-9A4D44CD0220}.Release|x86.Build.0 = Release|Win32
		{FE9CA3A1-6B25-4E64-8AF9-48925A71E8EE}.Debug|x64.ActiveCfg = Debug|x64
		{FE9CA3A1-6B25-4E64-8AF9-48925A71E8EE}.Debug|x64.Build.0 = Debug|x64
		{FE9CA3A1-6B25-4E64-8AF9-48925A71E8EE}.Debug|x86.ActiveCfg = Debug|Win32
		{FE9CA3A1-6B25-4E64-8AF9-48925A71E8EE}.Debug|x86.Build.0 = Debug|Win32
		{FE9CA3A1-6B25-4E64-8AF9-48925A71E8EE}.Release|x64.ActiveCfg = Release|x64
		{FE9CA3A1-6B25-4E64-8AF9-48925A71E8EE}.Release|x64.Build.0 = Release|x64
		{FE9CA3A1-6B25-4E64-8AF9-48925A71E8EE}.Release|x86.ActiveCfg = Release|Win32
		{FE9CA3A1-6B25-4E64-8AF9-48925A71E8EE}.Release|x86.Build.0 = Release|Win32
	EndGlobalSection
	GlobalSection(SolutionProperties) = preSolution
		HideSolutionNode = FALSE
	EndGlobalSection
EndGlobal
